
Microsoft Visual Studio Solution File, Format Version 12.00
# Visual Studio Version 17
VisualStudioVersion = 17.14.36705.20 d17.14
MinimumVisualStudioVersion = 10.0.40219.1
Project("{FAE04EC0-301F-11D3-BF4B-00C04F79EFBC}") = "Governance_tool", "Governance_tool.csproj", "{DC3AD308-629C-4CE4-9D6F-F119E12061A9}"
EndProject
Global
	GlobalSection(SolutionConfigurationPlatforms) = preSolution
		Debug|Any CPU = Debug|Any CPU
		Release|Any CPU = Release|Any CPU
	EndGlobalSection
	GlobalSection(ProjectConfigurationPlatforms) = postSolution
		{DC3AD308-629C-4CE4-9D6F-F119E12061A9}.Debug|Any CPU.ActiveCfg = Debug|Any CPU
		{DC3AD308-629C-4CE4-9D6F-F119E12061A9}.Debug|Any CPU.Build.0 = Debug|Any CPU
		{DC3AD308-629C-4CE4-9D6F-F119E12061A9}.Release|Any CPU.ActiveCfg = Release|Any CPU
		{DC3AD308-629C-4CE4-9D6F-F119E12061A9}.Release|Any CPU.Build.0 = Release|Any CPU
	EndGlobalSection
	GlobalSection(SolutionProperties) = preSolution
		HideSolutionNode = FALSE
	EndGlobalSection
	GlobalSection(ExtensibilityGlobals) = postSolution
		SolutionGuid = {5E86FC49-0028-4264-92F4-9FD3F51A5147}
	EndGlobalSection
EndGlobal
